
Microsoft Visual Studio Solution File, Format Version 12.00
# Visual Studio Version 17
VisualStudioVersion = 17.0.31903.59
MinimumVisualStudioVersion = 10.0.40219.1
Project("{2150E333-8FDC-42A3-9474-1A3956D46DE8}") = "src", "src", "{3D706342-194B-438D-B194-1ED10976B119}"
EndProject
Project("{FAE04EC0-301F-11D3-BF4B-00C04F79EFBC}") = "ZapretManager.App", "src\ZapretManager.App\ZapretManager.App.csproj", "{E065C5CD-FDC7-4CFC-9AC6-69FF328038F7}"
EndProject
Project("{2150E333-8FDC-42A3-9474-1A3956D46DE8}") = "tests", "tests", "{85555BCC-6870-45A6-9BF9-34050F6EA67C}"
EndProject
Project("{FAE04EC0-301F-11D3-BF4B-00C04F79EFBC}") = "ZapretManager.Tests", "tests\ZapretManager.Tests\ZapretManager.Tests.csproj", "{36D6970E-FB67-475E-B2F5-C742165387F4}"
EndProject
Global
	GlobalSection(SolutionConfigurationPlatforms) = preSolution
		Debug|Any CPU = Debug|Any CPU
		Release|Any CPU = Release|Any CPU
	EndGlobalSection
	GlobalSection(SolutionProperties) = preSolution
		HideSolutionNode = FALSE
	EndGlobalSection
	GlobalSection(ProjectConfigurationPlatforms) = postSolution
		{E065C5CD-FDC7-4CFC-9AC6-69FF328038F7}.Debug|Any CPU.ActiveCfg = Debug|Any CPU
		{E065C5CD-FDC7-4CFC-9AC6-69FF328038F7}.Debug|Any CPU.Build.0 = Debug|Any CPU
		{E065C5CD-FDC7-4CFC-9AC6-69FF328038F7}.Release|Any CPU.ActiveCfg = Release|Any CPU
		{E065C5CD-FDC7-4CFC-9AC6-69FF328038F7}.Release|Any CPU.Build.0 = Release|Any CPU
		{36D6970E-FB67-475E-B2F5-C742165387F4}.Debug|Any CPU.ActiveCfg = Debug|Any CPU
		{36D6970E-FB67-475E-B2F5-C742165387F4}.Debug|Any CPU.Build.0 = Debug|Any CPU
		{36D6970E-FB67-475E-B2F5-C742165387F4}.Release|Any CPU.ActiveCfg = Release|Any CPU
		{36D6970E-FB67-475E-B2F5-C742165387F4}.Release|Any CPU.Build.0 = Release|Any CPU
	EndGlobalSection
	GlobalSection(NestedProjects) = preSolution
		{E065C5CD-FDC7-4CFC-9AC6-69FF328038F7} = {3D706342-194B-438D-B194-1ED10976B119}
		{36D6970E-FB67-475E-B2F5-C742165387F4} = {85555BCC-6870-45A6-9BF9-34050F6EA67C}
	EndGlobalSection
EndGlobal
